Microsoft Visual Studio Solution File, Format Version 11.00
# Visual Studio 2008

Project("{D2476C9F-DB65-94B9-657D-4A9CCF43935F}") = "CS252 Final", "Assembly-CSharp-firstpass.csproj", "{CF80F329-629E-C681-E968-DF7ACE362F17}"
EndProject
Project("{D2476C9F-DB65-94B9-657D-4A9CCF43935F}") = "CS252 Final", "Assembly-CSharp.csproj", "{B7D7E7FB-609F-6780-8EA7-FE7896F5305F}"
EndProject
Project("{D2476C9F-DB65-94B9-657D-4A9CCF43935F}") = "CS252 Final", "Assembly-CSharp-Editor.csproj", "{34C70CD1-7C9F-1FCA-CF15-F9206FABCA74}"
EndProject
Global
	GlobalSection(SolutionConfigurationPlatforms) = preSolution
		Debug|Any CPU = Debug|Any CPU
		Release|Any CPU = Release|Any CPU
	EndGlobalSection
	GlobalSection(ProjectConfigurationPlatforms) = postSolution
		{CF80F329-629E-C681-E968-DF7ACE362F17}.Debug|Any CPU.ActiveCfg = Debug|Any CPU
		{CF80F329-629E-C681-E968-DF7ACE362F17}.Debug|Any CPU.Build.0 = Debug|Any CPU
		{CF80F329-629E-C681-E968-DF7ACE362F17}.Release|Any CPU.ActiveCfg = Release|Any CPU
		{CF80F329-629E-C681-E968-DF7ACE362F17}.Release|Any CPU.Build.0 = Release|Any CPU
		{B7D7E7FB-609F-6780-8EA7-FE7896F5305F}.Debug|Any CPU.ActiveCfg = Debug|Any CPU
		{B7D7E7FB-609F-6780-8EA7-FE7896F5305F}.Debug|Any CPU.Build.0 = Debug|Any CPU
		{B7D7E7FB-609F-6780-8EA7-FE7896F5305F}.Release|Any CPU.ActiveCfg = Release|Any CPU
		{B7D7E7FB-609F-6780-8EA7-FE7896F5305F}.Release|Any CPU.Build.0 = Release|Any CPU
		{34C70CD1-7C9F-1FCA-CF15-F9206FABCA74}.Debug|Any CPU.ActiveCfg = Debug|Any CPU
		{34C70CD1-7C9F-1FCA-CF15-F9206FABCA74}.Debug|Any CPU.Build.0 = Debug|Any CPU
		{34C70CD1-7C9F-1FCA-CF15-F9206FABCA74}.Release|Any CPU.ActiveCfg = Release|Any CPU
		{34C70CD1-7C9F-1FCA-CF15-F9206FABCA74}.Release|Any CPU.Build.0 = Release|Any CPU
	EndGlobalSection
	GlobalSection(SolutionProperties) = preSolution
		HideSolutionNode = FALSE
	EndGlobalSection
																																																																																								GlobalSection(MonoDevelopProperties) = preSolution
		StartupItem = Assembly-CSharp.csproj
		Policies = $0
		$0.TextStylePolicy = $1
		$1.inheritsSet = null
		$1.scope = text/x-csharp
		$0.CSharpFormattingPolicy = $2
		$2.inheritsSet = Mono
		$2.inheritsScope = text/x-csharp
		$2.scope = text/x-csharp
		$0.TextStylePolicy = $3
		$3.FileWidth = 120
		$3.TabWidth = 4
		$3.IndentWidth = 4
		$3.EolMarker = Unix
		$3.inheritsSet = Mono
		$3.inheritsScope = text/plain
		$3.scope = text/plain
	EndGlobalSection
EndGlobal
